{
    "_readme": [
        "This file locks the dependencies of your project to a known state",
        "Read more about it at https://getcomposer.org/doc/01-basic-usage.md#composer-lock-the-lock-file",
        "This file is @generated automatically"
    ],
    "content-hash": "86a1615fe57a3d89991ff537e99a8a9c",
    "packages": [
        {
            "name": "maslosoft/addendum",
            "version": "5.0.5",
            "source": {
                "type": "git",
                "url": "https://github.com/Maslosoft/Addendum.git",
                "reference": "4835029d6b62aef0296c5d3b4e44c9181e706397"
            },
            "dist": {
                "type": "zip",
                "url": "https://api.github.com/repos/Maslosoft/Addendum/zipball/4835029d6b62aef0296c5d3b4e44c9181e706397",
                "reference": "4835029d6b62aef0296c5d3b4e44c9181e706397",
                "shasum": ""
            },
            "require": {
                "maslosoft/cache": "*",
                "maslosoft/cli-shared": "*",
                "maslosoft/embedi": "*",
                "maslosoft/gazebo": "*",
                "maslosoft/signals": "*",
                "php": ">=5.5.0",
                "psr/log": "~1"
            },
            "require-dev": {
                "maslosoft/addendumtest": "dev-master",
                "maslosoft/hedron": "*"
            },
            "suggest": {
                "monolog/monolog": "Sends your logs to files, sockets, inboxes, databases and various web services"
            },
            "type": "library",
            "autoload": {
                "psr-4": {
                    "Maslosoft\\Addendum\\": "src"
                }
            },
            "notification-url": "https://packagist.org/downloads/",
            "license": [
                "AGPL",
                "Commercial"
            ],
            "authors": [
                {
                    "name": "Peter Maselkowski",
                    "email": "pmaselkowski@gmail.com",
                    "homepage": "http://maslosoft.com",
                    "role": "Developer"
                }
            ],
            "description": "Easy to use php annotations",
            "homepage": "https://maslosoft.com/addendum/",
            "keywords": [
                "addendum",
                "annotation",
                "annotations",
                "metadata"
            ],
            "time": "2017-01-24T16:24:25+00:00"
        },
        {
            "name": "maslosoft/cache",
            "version": "1.0.10",
            "source": {
                "type": "git",
                "url": "https://github.com/Maslosoft/Cache.git",
                "reference": "ada699d175eb79ae9d0698966c8dd11009eae695"
            },
            "dist": {
                "type": "zip",
                "url": "https://api.github.com/repos/Maslosoft/Cache/zipball/ada699d175eb79ae9d0698966c8dd11009eae695",
                "reference": "ada699d175eb79ae9d0698966c8dd11009eae695",
                "shasum": ""
            },
            "require": {
                "maslosoft/embedi": "*"
            },
            "require-dev": {
                "maslosoft/cachetest": "dev-master",
                "maslosoft/hedron": "^1"
            },
            "type": "library",
            "autoload": {
                "psr-4": {
                    "Maslosoft\\Cache\\": "src"
                }
            },
            "notification-url": "https://packagist.org/downloads/",
            "license": [
                "AGPL",
                "Commercial"
            ],
            "authors": [
                {
                    "name": "Peter Maselkowski",
                    "email": "pmaselkowski@gmail.com"
                }
            ],
            "description": "Easy to use, auto configurable, extensible cache provider",
            "homepage": "https://maslosoft.com/cache/",
            "time": "2017-03-09T15:07:48+00:00"
        },
        {
            "name": "maslosoft/cli-shared",
            "version": "0.0.12",
            "source": {
                "type": "git",
                "url": "https://github.com/Maslosoft/CLIShared.git",
                "reference": "cc70ac32193c3565162243b2c24dd8f707564c59"
            },
            "dist": {
                "type": "zip",
                "url": "https://api.github.com/repos/Maslosoft/CLIShared/zipball/cc70ac32193c3565162243b2c24dd8f707564c59",
                "reference": "cc70ac32193c3565162243b2c24dd8f707564c59",
                "shasum": ""
            },
            "require": {
                "psr/log": "^1",
                "symfony/finder": "~3",
                "symfony/yaml": "~3"
            },
            "require-dev": {
                "maslosoft/hedron": "*"
            },
            "type": "library",
            "autoload": {
                "psr-4": {
                    "Maslosoft\\Cli\\Shared\\": "src"
                }
            },
            "notification-url": "https://packagist.org/downloads/",
            "license": [
                "AGPL",
                "Commercial"
            ],
            "authors": [
                {
                    "name": "Peter Maselkowski",
                    "email": "pmaselkowski@gmail.com"
                }
            ],
            "description": "Shared CLI application components",
            "time": "2017-02-02T11:08:18+00:00"
        },
        {
            "name": "maslosoft/embedi",
            "version": "1.0.17",
            "source": {
                "type": "git",
                "url": "https://github.com/Maslosoft/EmbeDi.git",
                "reference": "51c476876bd1cad2e4c0fd11c7d6bb9a216ceb5b"
            },
            "dist": {
                "type": "zip",
                "url": "https://api.github.com/repos/Maslosoft/EmbeDi/zipball/51c476876bd1cad2e4c0fd11c7d6bb9a216ceb5b",
                "reference": "51c476876bd1cad2e4c0fd11c7d6bb9a216ceb5b",
                "shasum": ""
            },
            "require-dev": {
                "maslosoft/embeditest": "dev-master",
                "maslosoft/hedron": "~1",
                "maslosoft/zamm": "dev-master"
            },
            "type": "library",
            "autoload": {
                "psr-4": {
                    "Maslosoft\\EmbeDi\\": "src/"
                }
            },
            "notification-url": "https://packagist.org/downloads/",
            "license": [
                "AGPL",
                "Commercial"
            ],
            "authors": [
                {
                    "name": "Peter Maselkowski",
                    "email": "pmaselkowski@gmail.com",
                    "homepage": "http://maslosoft.com",
                    "role": "Developer"
                }
            ],
            "description": "Embedded DI container",
            "time": "2016-08-10T18:09:56+00:00"
        },
        {
            "name": "maslosoft/gazebo",
            "version": "1.1.9",
            "source": {
                "type": "git",
                "url": "https://github.com/Maslosoft/Gazebo.git",
                "reference": "036cc0b517410073d9aca07d0196d18aa2add7c0"
            },
            "dist": {
                "type": "zip",
                "url": "https://api.github.com/repos/Maslosoft/Gazebo/zipball/036cc0b517410073d9aca07d0196d18aa2add7c0",
                "reference": "036cc0b517410073d9aca07d0196d18aa2add7c0",
                "shasum": ""
            },
            "require": {
                "maslosoft/addendum": "*",
                "maslosoft/embedi": "*"
            },
            "require-dev": {
                "maslosoft/gazebotest": "dev-master",
                "maslosoft/hedron": "*"
            },
            "type": "library",
            "autoload": {
                "psr-4": {
                    "Maslosoft\\Gazebo\\": "src"
                }
            },
            "notification-url": "https://packagist.org/downloads/",
            "license": [
                "AGPL",
                "Commercial"
            ],
            "authors": [
                {
                    "name": "Peter Maselkowski",
                    "email": "pmaselkowski@gmail.com"
                }
            ],
            "description": "Plugin container",
            "time": "2016-08-10T18:09:44+00:00"
        },
        {
            "name": "maslosoft/signals",
            "version": "2.0.9",
            "source": {
                "type": "git",
                "url": "https://github.com/Maslosoft/Signals.git",
                "reference": "f625fe8c0a216ae95dba26678eba12d1718a4365"
            },
            "dist": {
                "type": "zip",
                "url": "https://api.github.com/repos/Maslosoft/Signals/zipball/f625fe8c0a216ae95dba26678eba12d1718a4365",
                "reference": "f625fe8c0a216ae95dba26678eba12d1718a4365",
                "shasum": ""
            },
            "require": {
                "maslosoft/addendum": "*",
                "maslosoft/cli-shared": "*",
                "maslosoft/embedi": "*",
                "psr/log": "~1",
                "symfony/console": "^3"
            },
            "require-dev": {
                "maslosoft/hedron": "*",
                "maslosoft/signalstest": "dev-master"
            },
            "bin": [
                "signals"
            ],
            "type": "library",
            "autoload": {
                "psr-4": {
                    "Maslosoft\\Signals\\": "src"
                }
            },
            "notification-url": "https://packagist.org/downloads/",
            "license": [
                "AGPL",
                "Commercial"
            ],
            "authors": [
                {
                    "name": "Peter Maselkowski",
                    "email": "pmaselkowski@gmail.com",
                    "homepage": "http://maslosoft.com",
                    "role": "Developer"
                }
            ],
            "description": "Wireless Cross-Component Communication",
            "homepage": "https://maslosoft.com/signals/",
            "keywords": [
                "event",
                "events",
                "signal",
                "signals",
                "slot",
                "slots"
            ],
            "time": "2017-03-27T15:01:35+00:00"
        },
        {
            "name": "psr/log",
            "version": "1.0.2",
            "source": {
                "type": "git",
                "url": "https://github.com/php-fig/log.git",
                "reference": "4ebe3a8bf773a19edfe0a84b6585ba3d401b724d"
            },
            "dist": {
                "type": "zip",
                "url": "https://api.github.com/repos/php-fig/log/zipball/4ebe3a8bf773a19edfe0a84b6585ba3d401b724d",
                "reference": "4ebe3a8bf773a19edfe0a84b6585ba3d401b724d",
                "shasum": ""
            },
            "require": {
                "php": ">=5.3.0"
            },
            "type": "library",
            "extra": {
                "branch-alias": {
                    "dev-master": "1.0.x-dev"
                }
            },
            "autoload": {
                "psr-4": {
                    "Psr\\Log\\": "Psr/Log/"
                }
            },
            "notification-url": "https://packagist.org/downloads/",
            "license": [
                "MIT"
            ],
            "authors": [
                {
                    "name": "PHP-FIG",
                    "homepage": "http://www.php-fig.org/"
                }
            ],
            "description": "Common interface for logging libraries",
            "homepage": "https://github.com/php-fig/log",
            "keywords": [
                "log",
                "psr",
                "psr-3"
            ],
            "time": "2016-10-10T12:19:37+00:00"
        },
        {
            "name": "symfony/console",
            "version": "v3.2.6",
            "source": {
                "type": "git",
                "url": "https://github.com/symfony/console.git",
                "reference": "28fb243a2b5727774ca309ec2d92da240f1af0dd"
            },
            "dist": {
                "type": "zip",
                "url": "https://api.github.com/repos/symfony/console/zipball/28fb243a2b5727774ca309ec2d92da240f1af0dd",
                "reference": "28fb243a2b5727774ca309ec2d92da240f1af0dd",
                "shasum": ""
            },
            "require": {
                "php": ">=5.5.9",
                "symfony/debug": "~2.8|~3.0",
                "symfony/polyfill-mbstring": "~1.0"
            },
            "require-dev": {
                "psr/log": "~1.0",
                "symfony/event-dispatcher": "~2.8|~3.0",
                "symfony/filesystem": "~2.8|~3.0",
                "symfony/process": "~2.8|~3.0"
            },
            "suggest": {
                "psr/log": "For using the console logger",
                "symfony/event-dispatcher": "",
                "symfony/filesystem": "",
                "symfony/process": ""
            },
            "type": "library",
            "extra": {
                "branch-alias": {
                    "dev-master": "3.2-dev"
                }
            },
            "autoload": {
                "psr-4": {
                    "Symfony\\Component\\Console\\": ""
                },
                "exclude-from-classmap": [
                    "/Tests/"
                ]
            },
            "notification-url": "https://packagist.org/downloads/",
            "license": [
                "MIT"
            ],
            "authors": [
                {
                    "name": "Fabien Potencier",
                    "email": "fabien@symfony.com"
                },
                {
                    "name": "Symfony Community",
                    "homepage": "https://symfony.com/contributors"
                }
            ],
            "description": "Symfony Console Component",
            "homepage": "https://symfony.com",
            "time": "2017-03-06T19:30:27+00:00"
        },
        {
            "name": "symfony/debug",
            "version": "v3.2.6",
            "source": {
                "type": "git",
                "url": "https://github.com/symfony/debug.git",
                "reference": "b90c9f91ad8ac37d9f114e369042d3226b34dc1a"
            },
            "dist": {
                "type": "zip",
                "url": "https://api.github.com/repos/symfony/debug/zipball/b90c9f91ad8ac37d9f114e369042d3226b34dc1a",
                "reference": "b90c9f91ad8ac37d9f114e369042d3226b34dc1a",
                "shasum": ""
            },
            "require": {
                "php": ">=5.5.9",
                "psr/log": "~1.0"
            },
            "conflict": {
                "symfony/http-kernel": ">=2.3,<2.3.24|~2.4.0|>=2.5,<2.5.9|>=2.6,<2.6.2"
            },
            "require-dev": {
                "symfony/class-loader": "~2.8|~3.0",
                "symfony/http-kernel": "~2.8|~3.0"
            },
            "type": "library",
            "extra": {
                "branch-alias": {
                    "dev-master": "3.2-dev"
                }
            },
            "autoload": {
                "psr-4": {
                    "Symfony\\Component\\Debug\\": ""
                },
                "exclude-from-classmap": [
                    "/Tests/"
                ]
            },
            "notification-url": "https://packagist.org/downloads/",
            "license": [
                "MIT"
            ],
            "authors": [
                {
                    "name": "Fabien Potencier",
                    "email": "fabien@symfony.com"
                },
                {
                    "name": "Symfony Community",
                    "homepage": "https://symfony.com/contributors"
                }
            ],
            "description": "Symfony Debug Component",
            "homepage": "https://symfony.com",
            "time": "2017-02-18T17:28:00+00:00"
        },
        {
            "name": "symfony/finder",
            "version": "v3.2.6",
            "source": {
                "type": "git",
                "url": "https://github.com/symfony/finder.git",
                "reference": "92d7476d2df60cd851a3e13e078664b1deb8ce10"
            },
            "dist": {
                "type": "zip",
                "url": "https://api.github.com/repos/symfony/finder/zipball/92d7476d2df60cd851a3e13e078664b1deb8ce10",
                "reference": "92d7476d2df60cd851a3e13e078664b1deb8ce10",
                "shasum": ""
            },
            "require": {
                "php": ">=5.5.9"
            },
            "type": "library",
            "extra": {
                "branch-alias": {
                    "dev-master": "3.2-dev"
                }
            },
            "autoload": {
                "psr-4": {
                    "Symfony\\Component\\Finder\\": ""
                },
                "exclude-from-classmap": [
                    "/Tests/"
                ]
            },
            "notification-url": "https://packagist.org/downloads/",
            "license": [
                "MIT"
            ],
            "authors": [
                {
                    "name": "Fabien Potencier",
                    "email": "fabien@symfony.com"
                },
                {
                    "name": "Symfony Community",
                    "homepage": "https://symfony.com/contributors"
                }
            ],
            "description": "Symfony Finder Component",
            "homepage": "https://symfony.com",
            "time": "2017-02-21T09:12:04+00:00"
        },
        {
            "name": "symfony/polyfill-mbstring",
            "version": "v1.3.0",
            "source": {
                "type": "git",
                "url": "https://github.com/symfony/polyfill-mbstring.git",
                "reference": "e79d363049d1c2128f133a2667e4f4190904f7f4"
            },
            "dist": {
                "type": "zip",
                "url": "https://api.github.com/repos/symfony/polyfill-mbstring/zipball/e79d363049d1c2128f133a2667e4f4190904f7f4",
                "reference": "e79d363049d1c2128f133a2667e4f4190904f7f4",
                "shasum": ""
            },
            "require": {
                "php": ">=5.3.3"
            },
            "suggest": {
                "ext-mbstring": "For best performance"
            },
            "type": "library",
            "extra": {
                "branch-alias": {
                    "dev-master": "1.3-dev"
                }
            },
            "autoload": {
                "psr-4": {
                    "Symfony\\Polyfill\\Mbstring\\": ""
                },
                "files": [
                    "bootstrap.php"
                ]
            },
            "notification-url": "https://packagist.org/downloads/",
            "license": [
                "MIT"
            ],
            "authors": [
                {
                    "name": "Nicolas Grekas",
                    "email": "p@tchwork.com"
                },
                {
                    "name": "Symfony Community",
                    "homepage": "https://symfony.com/contributors"
                }
            ],
            "description": "Symfony polyfill for the Mbstring extension",
            "homepage": "https://symfony.com",
            "keywords": [
                "compatibility",
                "mbstring",
                "polyfill",
                "portable",
                "shim"
            ],
            "time": "2016-11-14T01:06:16+00:00"
        },
        {
            "name": "symfony/yaml",
            "version": "v3.2.6",
            "source": {
                "type": "git",
                "url": "https://github.com/symfony/yaml.git",
                "reference": "093e416ad096355149e265ea2e4cc1f9ee40ab1a"
            },
            "dist": {
                "type": "zip",
                "url": "https://api.github.com/repos/symfony/yaml/zipball/093e416ad096355149e265ea2e4cc1f9ee40ab1a",
                "reference": "093e416ad096355149e265ea2e4cc1f9ee40ab1a",
                "shasum": ""
            },
            "require": {
                "php": ">=5.5.9"
            },
            "require-dev": {
                "symfony/console": "~2.8|~3.0"
            },
            "suggest": {
                "symfony/console": "For validating YAML files using the lint command"
            },
            "type": "library",
            "extra": {
                "branch-alias": {
                    "dev-master": "3.2-dev"
                }
            },
            "autoload": {
                "psr-4": {
                    "Symfony\\Component\\Yaml\\": ""
                },
                "exclude-from-classmap": [
                    "/Tests/"
                ]
            },
            "notification-url": "https://packagist.org/downloads/",
            "license": [
                "MIT"
            ],
            "authors": [
                {
                    "name": "Fabien Potencier",
                    "email": "fabien@symfony.com"
                },
                {
                    "name": "Symfony Community",
                    "homepage": "https://symfony.com/contributors"
                }
            ],
            "description": "Symfony Yaml Component",
            "homepage": "https://symfony.com",
            "time": "2017-03-07T16:47:02+00:00"
        }
    ],
    "packages-dev": [],
    "aliases": [],
    "minimum-stability": "stable",
    "stability-flags": [],
    "prefer-stable": false,
    "prefer-lowest": false,
    "platform": [],
    "platform-dev": []
}
